
Microsoft Visual Studio Solution File, Format Version 12.00
# Visual Studio 15
VisualStudioVersion = 15.0.28010.2041
MinimumVisualStudioVersion = 10.0.40219.1
Project("{FAE04EC0-301F-11D3-BF4B-00C04F79EFBC}") = "PaginacionTablaAngular", "PaginacionTablaAngular\PaginacionTablaAngular.csproj", "{A0CAC263-9FDE-4AD5-AC4B-9F8BAC0DD99E}"
EndProject
Global
	GlobalSection(SolutionConfigurationPlatforms) = preSolution
		Debug|Any CPU = Debug|Any CPU
		Release|Any CPU = Release|Any CPU
	EndGlobalSection
	GlobalSection(ProjectConfigurationPlatforms) = postSolution
		{A0CAC263-9FDE-4AD5-AC4B-9F8BAC0DD99E}.Debug|Any CPU.ActiveCfg = Debug|Any CPU
		{A0CAC263-9FDE-4AD5-AC4B-9F8BAC0DD99E}.Debug|Any CPU.Build.0 = Debug|Any CPU
		{A0CAC263-9FDE-4AD5-AC4B-9F8BAC0DD99E}.Release|Any CPU.ActiveCfg = Release|Any CPU
		{A0CAC263-9FDE-4AD5-AC4B-9F8BAC0DD99E}.Release|Any CPU.Build.0 = Release|Any CPU
	EndGlobalSection
	GlobalSection(SolutionProperties) = preSolution
		HideSolutionNode = FALSE
	EndGlobalSection
	GlobalSection(ExtensibilityGlobals) = postSolution
		SolutionGuid = {77D147F4-A972-4D49-ABBA-CCF67E534049}
	EndGlobalSection
EndGlobal
